
Microsoft Visual Studio Solution File, Format Version 12.00
# Visual Studio Version 16
VisualStudioVersion = 16.0.30804.86
MinimumVisualStudioVersion = 10.0.40219.1
Project("{FAE04EC0-301F-11D3-BF4B-00C04F79EFBC}") = "GitLocal", "GitLocal\GitLocal.csproj", "{BAD91C9B-A212-4247-BF56-CC0829D38C88}"
EndProject
Global
	GlobalSection(SolutionConfigurationPlatforms) = preSolution
		Debug|Any CPU = Debug|Any CPU
		Release|Any CPU = Release|Any CPU
	EndGlobalSection
	GlobalSection(ProjectConfigurationPlatforms) = postSolution
		{BAD91C9B-A212-4247-BF56-CC0829D38C88}.Debug|Any CPU.ActiveCfg = Debug|Any CPU
		{BAD91C9B-A212-4247-BF56-CC0829D38C88}.Debug|Any CPU.Build.0 = Debug|Any CPU
		{BAD91C9B-A212-4247-BF56-CC0829D38C88}.Release|Any CPU.ActiveCfg = Release|Any CPU
		{BAD91C9B-A212-4247-BF56-CC0829D38C88}.Release|Any CPU.Build.0 = Release|Any CPU
	EndGlobalSection
	GlobalSection(SolutionProperties) = preSolution
		HideSolutionNode = FALSE
	EndGlobalSection
	GlobalSection(ExtensibilityGlobals) = postSolution
		SolutionGuid = {7885315F-6A19-42DB-935E-18BE175E798E}
	EndGlobalSection
EndGlobal
